
Microsoft Visual Studio Solution File, Format Version 12.00
Project("{FAE04EC0-301F-11D3-BF4B-00C04F79EFBC}") = "ConsoleApp1", "ConsoleApp1\ConsoleApp1.csproj", "{CA244388-3A1C-4CC6-A053-04BADA738DDE}"
EndProject
Project("{FAE04EC0-301F-11D3-BF4B-00C04F79EFBC}") = "ConsoleApp2", "ConsoleApp2\ConsoleApp2.csproj", "{528632BF-37FA-440E-843A-F72D8705601A}"
EndProject
Project("{FAE04EC0-301F-11D3-BF4B-00C04F79EFBC}") = "ConsoleApp3", "ConsoleApp3\ConsoleApp3.csproj", "{4DDCFEF1-81F4-428C-8F7D-D5960F1372F8}"
EndProject
Project("{FAE04EC0-301F-11D3-BF4B-00C04F79EFBC}") = "ConsoleApp4", "ConsoleApp4\ConsoleApp4.csproj", "{58CB9BB4-4ABD-4034-97EE-993E63D94972}"
EndProject
Project("{FAE04EC0-301F-11D3-BF4B-00C04F79EFBC}") = "ConsoleApp5", "ConsoleApp5\ConsoleApp5.csproj", "{E1AD8026-B92B-49CD-BB0F-3959E1F749DC}"
EndProject
Project("{FAE04EC0-301F-11D3-BF4B-00C04F79EFBC}") = "ConsoleApp6", "ConsoleApp6\ConsoleApp6.csproj", "{3B543351-9503-4A6E-B782-CE7B541D4F6E}"
EndProject
Project("{FAE04EC0-301F-11D3-BF4B-00C04F79EFBC}") = "ConsoleApp7", "ConsoleApp7\ConsoleApp7.csproj", "{5B357373-8FF5-4EAB-A6F1-FEA783074EDC}"
EndProject
Project("{FAE04EC0-301F-11D3-BF4B-00C04F79EFBC}") = "ConsoleApp8", "ConsoleApp8\ConsoleApp8.csproj", "{EF4DD3B8-8408-4796-AF91-EB0E5FF36237}"
EndProject
Global
	GlobalSection(SolutionConfigurationPlatforms) = preSolution
		Debug|Any CPU = Debug|Any CPU
		Release|Any CPU = Release|Any CPU
	EndGlobalSection
	GlobalSection(ProjectConfigurationPlatforms) = postSolution
		{CA244388-3A1C-4CC6-A053-04BADA738DDE}.Debug|Any CPU.ActiveCfg = Debug|Any CPU
		{CA244388-3A1C-4CC6-A053-04BADA738DDE}.Debug|Any CPU.Build.0 = Debug|Any CPU
		{CA244388-3A1C-4CC6-A053-04BADA738DDE}.Release|Any CPU.ActiveCfg = Release|Any CPU
		{CA244388-3A1C-4CC6-A053-04BADA738DDE}.Release|Any CPU.Build.0 = Release|Any CPU
		{528632BF-37FA-440E-843A-F72D8705601A}.Debug|Any CPU.ActiveCfg = Debug|Any CPU
		{528632BF-37FA-440E-843A-F72D8705601A}.Debug|Any CPU.Build.0 = Debug|Any CPU
		{528632BF-37FA-440E-843A-F72D8705601A}.Release|Any CPU.ActiveCfg = Release|Any CPU
		{528632BF-37FA-440E-843A-F72D8705601A}.Release|Any CPU.Build.0 = Release|Any CPU
		{4DDCFEF1-81F4-428C-8F7D-D5960F1372F8}.Debug|Any CPU.ActiveCfg = Debug|Any CPU
		{4DDCFEF1-81F4-428C-8F7D-D5960F1372F8}.Debug|Any CPU.Build.0 = Debug|Any CPU
		{4DDCFEF1-81F4-428C-8F7D-D5960F1372F8}.Release|Any CPU.ActiveCfg = Release|Any CPU
		{4DDCFEF1-81F4-428C-8F7D-D5960F1372F8}.Release|Any CPU.Build.0 = Release|Any CPU
		{58CB9BB4-4ABD-4034-97EE-993E63D94972}.Debug|Any CPU.ActiveCfg = Debug|Any CPU
		{58CB9BB4-4ABD-4034-97EE-993E63D94972}.Debug|Any CPU.Build.0 = Debug|Any CPU
		{58CB9BB4-4ABD-4034-97EE-993E63D94972}.Release|Any CPU.ActiveCfg = Release|Any CPU
		{58CB9BB4-4ABD-4034-97EE-993E63D94972}.Release|Any CPU.Build.0 = Release|Any CPU
		{E1AD8026-B92B-49CD-BB0F-3959E1F749DC}.Debug|Any CPU.ActiveCfg = Debug|Any CPU
		{E1AD8026-B92B-49CD-BB0F-3959E1F749DC}.Debug|Any CPU.Build.0 = Debug|Any CPU
		{E1AD8026-B92B-49CD-BB0F-3959E1F749DC}.Release|Any CPU.ActiveCfg = Release|Any CPU
		{E1AD8026-B92B-49CD-BB0F-3959E1F749DC}.Release|Any CPU.Build.0 = Release|Any CPU
		{3B543351-9503-4A6E-B782-CE7B541D4F6E}.Debug|Any CPU.ActiveCfg = Debug|Any CPU
		{3B543351-9503-4A6E-B782-CE7B541D4F6E}.Debug|Any CPU.Build.0 = Debug|Any CPU
		{3B543351-9503-4A6E-B782-CE7B541D4F6E}.Release|Any CPU.ActiveCfg = Release|Any CPU
		{3B543351-9503-4A6E-B782-CE7B541D4F6E}.Release|Any CPU.Build.0 = Release|Any CPU
		{5B357373-8FF5-4EAB-A6F1-FEA783074EDC}.Debug|Any CPU.ActiveCfg = Debug|Any CPU
		{5B357373-8FF5-4EAB-A6F1-FEA783074EDC}.Debug|Any CPU.Build.0 = Debug|Any CPU
		{5B357373-8FF5-4EAB-A6F1-FEA783074EDC}.Release|Any CPU.ActiveCfg = Release|Any CPU
		{5B357373-8FF5-4EAB-A6F1-FEA783074EDC}.Release|Any CPU.Build.0 = Release|Any CPU
		{EF4DD3B8-8408-4796-AF91-EB0E5FF36237}.Debug|Any CPU.ActiveCfg = Debug|Any CPU
		{EF4DD3B8-8408-4796-AF91-EB0E5FF36237}.Debug|Any CPU.Build.0 = Debug|Any CPU
		{EF4DD3B8-8408-4796-AF91-EB0E5FF36237}.Release|Any CPU.ActiveCfg = Release|Any CPU
		{EF4DD3B8-8408-4796-AF91-EB0E5FF36237}.Release|Any CPU.Build.0 = Release|Any CPU
	EndGlobalSection
EndGlobal
